
Microsoft Visual Studio Solution File, Format Version 12.00
# Visual Studio 15
VisualStudioVersion = 15.0.28307.1259
MinimumVisualStudioVersion = 10.0.40219.1
Project("{8BC9CEB8-8B4A-11D0-8D11-00A0C91BC942}") = "KNN算法自写", "KNN算法自写\KNN算法自写.vcxproj", "{06463E7A-A4A1-40BA-A363-81FE7D7ED8DC}"
EndProject
Global
	GlobalSection(SolutionConfigurationPlatforms) = preSolution
		Debug|x64 = Debug|x64
		Debug|x86 = Debug|x86
		Release|x64 = Release|x64
		Release|x86 = Release|x86
	EndGlobalSection
	GlobalSection(ProjectConfigurationPlatforms) = postSolution
		{06463E7A-A4A1-40BA-A363-81FE7D7ED8DC}.Debug|x64.ActiveCfg = Debug|x64
		{06463E7A-A4A1-40BA-A363-81FE7D7ED8DC}.Debug|x64.Build.0 = Debug|x64
		{06463E7A-A4A1-40BA-A363-81FE7D7ED8DC}.Debug|x86.ActiveCfg = Debug|Win32
		{06463E7A-A4A1-40BA-A363-81FE7D7ED8DC}.Debug|x86.Build.0 = Debug|Win32
		{06463E7A-A4A1-40BA-A363-81FE7D7ED8DC}.Release|x64.ActiveCfg = Release|x64
		{06463E7A-A4A1-40BA-A363-81FE7D7ED8DC}.Release|x64.Build.0 = Release|x64
		{06463E7A-A4A1-40BA-A363-81FE7D7ED8DC}.Release|x86.ActiveCfg = Release|Win32
		{06463E7A-A4A1-40BA-A363-81FE7D7ED8DC}.Release|x86.Build.0 = Release|Win32
	EndGlobalSection
	GlobalSection(SolutionProperties) = preSolution
		HideSolutionNode = FALSE
	EndGlobalSection
	GlobalSection(ExtensibilityGlobals) = postSolution
		SolutionGuid = {5775AE9F-89A7-4E18-B768-342A6BCD838B}
	EndGlobalSection
EndGlobal
